
Microsoft Visual Studio Solution File, Format Version 12.00
# Visual Studio 15
VisualStudioVersion = 15.0.28307.572
MinimumVisualStudioVersion = 10.0.40219.1
Project("{8BC9CEB8-8B4A-11D0-8D11-00A0C91BC942}") = "8bitoscompiler", "8bitoscompiler\8bitoscompiler.vcxproj", "{60748C25-F06D-4E60-92A4-0F56CB67EAEB}"
EndProject
Global
	GlobalSection(SolutionConfigurationPlatforms) = preSolution
		Debug|x64 = Debug|x64
		Debug|x86 = Debug|x86
		Release|x64 = Release|x64
		Release|x86 = Release|x86
	EndGlobalSection
	GlobalSection(ProjectConfigurationPlatforms) = postSolution
		{60748C25-F06D-4E60-92A4-0F56CB67EAEB}.Debug|x64.ActiveCfg = Debug|x64
		{60748C25-F06D-4E60-92A4-0F56CB67EAEB}.Debug|x64.Build.0 = Debug|x64
		{60748C25-F06D-4E60-92A4-0F56CB67EAEB}.Debug|x86.ActiveCfg = Debug|Win32
		{60748C25-F06D-4E60-92A4-0F56CB67EAEB}.Debug|x86.Build.0 = Debug|Win32
		{60748C25-F06D-4E60-92A4-0F56CB67EAEB}.Release|x64.ActiveCfg = Release|x64
		{60748C25-F06D-4E60-92A4-0F56CB67EAEB}.Release|x64.Build.0 = Release|x64
		{60748C25-F06D-4E60-92A4-0F56CB67EAEB}.Release|x86.ActiveCfg = Release|Win32
		{60748C25-F06D-4E60-92A4-0F56CB67EAEB}.Release|x86.Build.0 = Release|Win32
	EndGlobalSection
	GlobalSection(SolutionProperties) = preSolution
		HideSolutionNode = FALSE
	EndGlobalSection
	GlobalSection(ExtensibilityGlobals) = postSolution
		SolutionGuid = {57173CDA-B5BB-4A10-A213-9D4C80EC64AA}
	EndGlobalSection
EndGlobal
